// !$*UTF8*$!
{
	archiveVersion = 1;
	classes = {
	};
	objectVersion = 46;
	objects = {

/* Begin PBXBuildFile section */
		DE4247FE1EEA3905001BFE21 /* AppDelegate.swift in Sources */ = {isa = PBXBuildFile; fileRef = DE4247FD1EEA3905001BFE21 /* AppDelegate.swift */; };
		DE4248001EEA3905001BFE21 /* MasterViewController.swift in Sources */ = {isa = PBXBuildFile; fileRef = DE4247FF1EEA3905001BFE21 /* MasterViewController.swift */; };
		DE4248021EEA3905001BFE21 /* DetailViewController.swift in Sources */ = {isa = PBXBuildFile; fileRef = DE4248011EEA3905001BFE21 /* DetailViewController.swift */; };
		DE4248051EEA3905001BFE21 /* Main.storyboard in Resources */ = {isa = PBXBuildFile; fileRef = DE4248031EEA3905001BFE21 /* Main.storyboard */; };
		DE4248071EEA3905001BFE21 /* Assets.xcassets in Resources */ = {isa = PBXBuildFile; fileRef = DE4248061EEA3905001BFE21 /* Assets.xcassets */; };
		DE42480A1EEA3905001BFE21 /* LaunchScreen.storyboard in Resources */ = {isa = PBXBuildFile; fileRef = DE4248081EEA3905001BFE21 /* LaunchScreen.storyboard */; };
		DE6561941EEA514400E0A0B5 /* MasterViewControllerTests.swift in Sources */ = {isa = PBXBuildFile; fileRef = DE6561931EEA514400E0A0B5 /* MasterViewControllerTests.swift */; };
		DE6561961EEA56A700E0A0B5 /* BLEDiscoveryTests.swift in Sources */ = {isa = PBXBuildFile; fileRef = DE6561951EEA56A700E0A0B5 /* BLEDiscoveryTests.swift */; };
		DE827D351EEB661000E45D64 /* CBCentralManagerExtension.swift in Sources */ = {isa = PBXBuildFile; fileRef = DE827D341EEB661000E45D64 /* CBCentralManagerExtension.swift */; };
		DEF60ED41EEA461A001D1E73 /* BLEDiscovery.swift in Sources */ = {isa = PBXBuildFile; fileRef = DEF60ED31EEA461A001D1E73 /* BLEDiscovery.swift */; };
/* End PBXBuildFile section */

/* Begin PBXContainerItemProxy section */
		DE4248111EEA3906001BFE21 /* PBXContainerItemProxy */ = {
			isa = PBXContainerItemProxy;
			containerPortal = DE4247F21EEA3905001BFE21 /* Project object */;
			proxyType = 1;
			remoteGlobalIDString = DE4247F91EEA3905001BFE21;
			remoteInfo = BLEListerSwift;
		};
/* End PBXContainerItemProxy section */

/* Begin PBXFileReference section */
		DE4247FA1EEA3905001BFE21 /* BLEListerSwift.app */ = {isa = PBXFileReference; explicitFileType = wrapper.application; includeInIndex = 0; path = BLEListerSwift.app; sourceTree = BUILT_PRODUCTS_DIR; };
		DE4247FD1EEA3905001BFE21 /* AppDelegate.swift */ = {isa = PBXFileReference; lastKnownFileType = sourcecode.swift; path = AppDelegate.swift; sourceTree = "<group>"; };
		DE4247FF1EEA3905001BFE21 /* MasterViewController.swift */ = {isa = PBXFileReference; lastKnownFileType = sourcecode.swift; path = MasterViewController.swift; sourceTree = "<group>"; };
		DE4248011EEA3905001BFE21 /* DetailViewController.swift */ = {isa = PBXFileReference; lastKnownFileType = sourcecode.swift; path = DetailViewController.swift; sourceTree = "<group>"; };
		DE4248041EEA3905001BFE21 /* Base */ = {isa = PBXFileReference; lastKnownFileType = file.storyboard; name = Base; path = Base.lproj/Main.storyboard; sourceTree = "<group>"; };
		DE4248061EEA3905001BFE21 /* Assets.xcassets */ = {isa = PBXFileReference; lastKnownFileType = folder.assetcatalog; path = Assets.xcassets; sourceTree = "<group>"; };
		DE4248091EEA3905001BFE21 /* Base */ = {isa = PBXFileReference; lastKnownFileType = file.storyboard; name = Base; path = Base.lproj/LaunchScreen.storyboard; sourceTree = "<group>"; };
		DE42480B1EEA3905001BFE21 /* Info.plist */ = {isa = PBXFileReference; lastKnownFileType = text.plist.xml; path = Info.plist; sourceTree = "<group>"; };
		DE4248101EEA3906001BFE21 /* BLEListerSwiftTests.xctest */ = {isa = PBXFileReference; explicitFileType = wrapper.cfbundle; includeInIndex = 0; path = BLEListerSwiftTests.xctest; sourceTree = BUILT_PRODUCTS_DIR; };
		DE4248161EEA3906001BFE21 /* Info.plist */ = {isa = PBXFileReference; lastKnownFileType = text.plist.xml; path = Info.plist; sourceTree = "<group>"; };
		DE6561931EEA514400E0A0B5 /* MasterViewControllerTests.swift */ = {isa = PBXFileReference; fileEncoding = 4; lastKnownFileType = sourcecode.swift; path = MasterViewControllerTests.swift; sourceTree = "<group>"; };
		DE6561951EEA56A700E0A0B5 /* BLEDiscoveryTests.swift */ = {isa = PBXFileReference; fileEncoding = 4; lastKnownFileType = sourcecode.swift; path = BLEDiscoveryTests.swift; sourceTree = "<group>"; };
		DE827D341EEB661000E45D64 /* CBCentralManagerExtension.swift */ = {isa = PBXFileReference; fileEncoding = 4; lastKnownFileType = sourcecode.swift; name = CBCentralManagerExtension.swift; path = Bluetooth/CBCentralManagerExtension.swift; sourceTree = "<group>"; };
		DEF60ECF1EEA3F8C001D1E73 /* README.md */ = {isa = PBXFileReference; lastKnownFileType = net.daringfireball.markdown; path = README.md; sourceTree = "<group>"; };
		DEF60ED31EEA461A001D1E73 /* BLEDiscovery.swift */ = {isa = PBXFileReference; fileEncoding = 4; lastKnownFileType = sourcecode.swift; name = BLEDiscovery.swift; path = Bluetooth/BLEDiscovery.swift; sourceTree = "<group>"; };
/* End PBXFileReference section */

/* Begin PBXFrameworksBuildPhase section */
		DE4247F71EEA3905001BFE21 /* Frameworks */ = {
			isa = PBXFrameworksBuildPhase;
			buildActionMask = 2147483647;
			files = (
			);
			runOnlyForDeploymentPostprocessing = 0;
		};
		DE42480D1EEA3906001BFE21 /* Frameworks */ = {
			isa = PBXFrameworksBuildPhase;
			buildActionMask = 2147483647;
			files = (
			);
			runOnlyForDeploymentPostprocessing = 0;
		};
/* End PBXFrameworksBuildPhase section */

/* Begin PBXGroup section */
		DE4247F11EEA3905001BFE21 = {
			isa = PBXGroup;
			children = (
				DEF60ECF1EEA3F8C001D1E73 /* README.md */,
				DE4247FC1EEA3905001BFE21 /* BLEListerSwift */,
				DE4248131EEA3906001BFE21 /* BLEListerSwiftTests */,
				DE4247FB1EEA3905001BFE21 /* Products */,
			);
			sourceTree = "<group>";
		};
		DE4247FB1EEA3905001BFE21 /* Products */ = {
			isa = PBXGroup;
			children = (
				DE4247FA1EEA3905001BFE21 /* BLEListerSwift.app */,
				DE4248101EEA3906001BFE21 /* BLEListerSwiftTests.xctest */,
			);
			name = Products;
			sourceTree = "<group>";
		};
		DE4247FC1EEA3905001BFE21 /* BLEListerSwift */ = {
			isa = PBXGroup;
			children = (
				DEF60ED21EEA45C3001D1E73 /* Bluetooth */,
				DE4247FD1EEA3905001BFE21 /* AppDelegate.swift */,
				DE4247FF1EEA3905001BFE21 /* MasterViewController.swift */,
				DE4248011EEA3905001BFE21 /* DetailViewController.swift */,
				DE4248031EEA3905001BFE21 /* Main.storyboard */,
				DE4248061EEA3905001BFE21 /* Assets.xcassets */,
				DE4248081EEA3905001BFE21 /* LaunchScreen.storyboard */,
				DE42480B1EEA3905001BFE21 /* Info.plist */,
			);
			path = BLEListerSwift;
			sourceTree = "<group>";
		};
		DE4248131EEA3906001BFE21 /* BLEListerSwiftTests */ = {
			isa = PBXGroup;
			children = (
				DE6561951EEA56A700E0A0B5 /* BLEDiscoveryTests.swift */,
				DE4248161EEA3906001BFE21 /* Info.plist */,
				DE6561931EEA514400E0A0B5 /* MasterViewControllerTests.swift */,
			);
			path = BLEListerSwiftTests;
			sourceTree = "<group>";
		};
		DEF60ED21EEA45C3001D1E73 /* Bluetooth */ = {
			isa = PBXGroup;
			children = (
				DEF60ED31EEA461A001D1E73 /* BLEDiscovery.swift */,
				DE827D341EEB661000E45D64 /* CBCentralManagerExtension.swift */,
			);
			name = Bluetooth;
			sourceTree = "<group>";
		};
/* End PBXGroup section */

/* Begin PBXNativeTarget section */
		DE4247F91EEA3905001BFE21 /* BLEListerSwift */ = {
			isa = PBXNativeTarget;
			buildConfigurationList = DE4248191EEA3906001BFE21 /* Build configuration list for PBXNativeTarget "BLEListerSwift" */;
			buildPhases = (
				DE4247F61EEA3905001BFE21 /* Sources */,
				DE4247F71EEA3905001BFE21 /* Frameworks */,
				DE4247F81EEA3905001BFE21 /* Resources */,
			);
			buildRules = (
			);
			dependencies = (
			);
			name = BLEListerSwift;
			productName = BLEListerSwift;
			productReference = DE4247FA1EEA3905001BFE21 /* BLEListerSwift.app */;
			productType = "com.apple.product-type.application";
		};
		DE42480F1EEA3906001BFE21 /* BLEListerSwiftTests */ = {
			isa = PBXNativeTarget;
			buildConfigurationList = DE42481C1EEA3906001BFE21 /* Build configuration list for PBXNativeTarget "BLEListerSwiftTests" */;
			buildPhases = (
				DE42480C1EEA3906001BFE21 /* Sources */,
				DE42480D1EEA3906001BFE21 /* Frameworks */,
				DE42480E1EEA3906001BFE21 /* Resources */,
			);
			buildRules = (
			);
			dependencies = (
				DE4248121EEA3906001BFE21 /* PBXTargetDependency */,
			);
			name = BLEListerSwiftTests;
			productName = BLEListerSwiftTests;
			productReference = DE4248101EEA3906001BFE21 /* BLEListerSwiftTests.xctest */;
			productType = "com.apple.product-type.bundle.unit-test";
		};
/* End PBXNativeTarget section */

/* Begin PBXProject section */
		DE4247F21EEA3905001BFE21 /* Project object */ = {
			isa = PBXProject;
			attributes = {
				LastSwiftUpdateCheck = 0830;
				LastUpgradeCheck = 1000;
				ORGANIZATIONNAME = "Beepscore LLC";
				TargetAttributes = {
					DE4247F91EEA3905001BFE21 = {
						CreatedOnToolsVersion = 8.3.3;
						DevelopmentTeam = J2LXK9FK3W;
						LastSwiftMigration = 0910;
						ProvisioningStyle = Automatic;
					};
					DE42480F1EEA3906001BFE21 = {
						CreatedOnToolsVersion = 8.3.3;
						DevelopmentTeam = J2LXK9FK3W;
						LastSwiftMigration = 0910;
						ProvisioningStyle = Automatic;
						TestTargetID = DE4247F91EEA3905001BFE21;
					};
				};
			};
			buildConfigurationList = DE4247F51EEA3905001BFE21 /* Build configuration list for PBXProject "BLEListerSwift" */;
			compatibilityVersion = "Xcode 3.2";
			developmentRegion = English;
			hasScannedForEncodings = 0;
			knownRegions = (
				en,
				Base,
			);
			mainGroup = DE4247F11EEA3905001BFE21;
			productRefGroup = DE4247FB1EEA3905001BFE21 /* Products */;
			projectDirPath = "";
			projectRoot = "";
			targets = (
				DE4247F91EEA3905001BFE21 /* BLEListerSwift */,
				DE42480F1EEA3906001BFE21 /* BLEListerSwiftTests */,
			);
		};
/* End PBXProject section */

/* Begin PBXResourcesBuildPhase section */
		DE4247F81EEA3905001BFE21 /* Resources */ = {
			isa = PBXResourcesBuildPhase;
			buildActionMask = 2147483647;
			files = (
				DE42480A1EEA3905001BFE21 /* LaunchScreen.storyboard in Resources */,
				DE4248071EEA3905001BFE21 /* Assets.xcassets in Resources */,
				DE4248051EEA3905001BFE21 /* Main.storyboard in Resources */,
			);
			runOnlyForDeploymentPostprocessing = 0;
		};
		DE42480E1EEA3906001BFE21 /* Resources */ = {
			isa = PBXResourcesBuildPhase;
			buildActionMask = 2147483647;
			files = (
			);
			runOnlyForDeploymentPostprocessing = 0;
		};
/* End PBXResourcesBuildPhase section */

/* Begin PBXSourcesBuildPhase section */
		DE4247F61EEA3905001BFE21 /* Sources */ = {
			isa = PBXSourcesBuildPhase;
			buildActionMask = 2147483647;
			files = (
				DE827D351EEB661000E45D64 /* CBCentralManagerExtension.swift in Sources */,
				DEF60ED41EEA461A001D1E73 /* BLEDiscovery.swift in Sources */,
				DE4248021EEA3905001BFE21 /* DetailViewController.swift in Sources */,
				DE4248001EEA3905001BFE21 /* MasterViewController.swift in Sources */,
				DE4247FE1EEA3905001BFE21 /* AppDelegate.swift in Sources */,
			);
			runOnlyForDeploymentPostprocessing = 0;
		};
		DE42480C1EEA3906001BFE21 /* Sources */ = {
			isa = PBXSourcesBuildPhase;
			buildActionMask = 2147483647;
			files = (
				DE6561941EEA514400E0A0B5 /* MasterViewControllerTests.swift in Sources */,
				DE6561961EEA56A700E0A0B5 /* BLEDiscoveryTests.swift in Sources */,
			);
			runOnlyForDeploymentPostprocessing = 0;
		};
/* End PBXSourcesBuildPhase section */

/* Begin PBXTargetDependency section */
		DE4248121EEA3906001BFE21 /* PBXTargetDependency */ = {
			isa = PBXTargetDependency;
			target = DE4247F91EEA3905001BFE21 /* BLEListerSwift */;
			targetProxy = DE4248111EEA3906001BFE21 /* PBXContainerItemProxy */;
		};
/* End PBXTargetDependency section */

/* Begin PBXVariantGroup section */
		DE4248031EEA3905001BFE21 /* Main.storyboard */ = {
			isa = PBXVariantGroup;
			children = (
				DE4248041EEA3905001BFE21 /* Base */,
			);
			name = Main.storyboard;
			sourceTree = "<group>";
		};
		DE4248081EEA3905001BFE21 /* LaunchScreen.storyboard */ = {
			isa = PBXVariantGroup;
			children = (
				DE4248091EEA3905001BFE21 /* Base */,
			);
			name = LaunchScreen.storyboard;
			sourceTree = "<group>";
		};
/* End PBXVariantGroup section */

/* Begin XCBuildConfiguration section */
		DE4248171EEA3906001BFE21 /* Debug */ = {
			isa = XCBuildConfiguration;
			buildSettings = {
				ALWAYS_SEARCH_USER_PATHS = NO;
				CLANG_ANALYZER_NONNULL = YES;
				CLANG_ANALYZER_NUMBER_OBJECT_CONVERSION = YES_AGGRESSIVE;
				CLANG_CXX_LANGUAGE_STANDARD = "gnu++0x";
				CLANG_CXX_LIBRARY = "libc++";
				CLANG_ENABLE_MODULES = YES;
				CLANG_ENABLE_OBJC_ARC = YES;
				CLANG_WARN_BLOCK_CAPTURE_AUTORELEASING = YES;
				CLANG_WARN_BOOL_CONVERSION = YES;
				CLANG_WARN_COMMA = YES;
				CLANG_WARN_CONSTANT_CONVERSION = YES;
				CLANG_WARN_DEPRECATED_OBJC_IMPLEMENTATIONS = YES;
				CLANG_WARN_DIRECT_OBJC_ISA_USAGE = YES_ERROR;
				CLANG_WARN_DOCUMENTATION_COMMENTS = YES;
				CLANG_WARN_EMPTY_BODY = YES;
				CLANG_WARN_ENUM_CONVERSION = YES;
				CLANG_WARN_INFINITE_RECURSION = YES;
				CLANG_WARN_INT_CONVERSION = YES;
				CLANG_WARN_NON_LITERAL_NULL_CONVERSION = YES;
				CLANG_WARN_OBJC_IMPLICIT_RETAIN_SELF = YES;
				CLANG_WARN_OBJC_LITERAL_CONVERSION = YES;
				CLANG_WARN_OBJC_ROOT_CLASS = YES_ERROR;
				CLANG_WARN_RANGE_LOOP_ANALYSIS = YES;
				CLANG_WARN_STRICT_PROTOTYPES = YES;
				CLANG_WARN_SUSPICIOUS_MOVE = YES;
				CLANG_WARN_UNREACHABLE_CODE = YES;
				CLANG_WARN__DUPLICATE_METHOD_MATCH = YES;
				"CODE_SIGN_IDENTITY[sdk=iphoneos*]" = "iPhone Developer";
				COPY_PHASE_STRIP = NO;
				DEBUG_INFORMATION_FORMAT = dwarf;
				ENABLE_STRICT_OBJC_MSGSEND = YES;
				ENABLE_TESTABILITY = YES;
				GCC_C_LANGUAGE_STANDARD = gnu99;
				GCC_DYNAMIC_NO_PIC = NO;
				GCC_NO_COMMON_BLOCKS = YES;
				GCC_OPTIMIZATION_LEVEL = 0;
				GCC_PREPROCESSOR_DEFINITIONS = (
					"DEBUG=1",
					"$(inherited)",
				);
				GCC_WARN_64_TO_32_BIT_CONVERSION = YES;
				GCC_WARN_ABOUT_RETURN_TYPE = YES_ERROR;
				GCC_WARN_UNDECLARED_SELECTOR = YES;
				GCC_WARN_UNINITIALIZED_AUTOS = YES_AGGRESSIVE;
				GCC_WARN_UNUSED_FUNCTION = YES;
				GCC_WARN_UNUSED_VARIABLE = YES;
				IPHONEOS_DEPLOYMENT_TARGET = 10.3;
				MTL_ENABLE_DEBUG_INFO = YES;
				ONLY_ACTIVE_ARCH = YES;
				SDKROOT = iphoneos;
				SWIFT_ACTIVE_COMPILATION_CONDITIONS = DEBUG;
				SWIFT_OPTIMIZATION_LEVEL = "-Onone";
				TARGETED_DEVICE_FAMILY = "1,2";
			};
			name = Debug;
		};
		DE4248181EEA3906001BFE21 /* Release */ = {
			isa = XCBuildConfiguration;
			buildSettings = {
				ALWAYS_SEARCH_USER_PATHS = NO;
				CLANG_ANALYZER_NONNULL = YES;
				CLANG_ANALYZER_NUMBER_OBJECT_CONVERSION = YES_AGGRESSIVE;
				CLANG_CXX_LANGUAGE_STANDARD = "gnu++0x";
				CLANG_CXX_LIBRARY = "libc++";
				CLANG_ENABLE_MODULES = YES;
				CLANG_ENABLE_OBJC_ARC = YES;
				CLANG_WARN_BLOCK_CAPTURE_AUTORELEASING = YES;
				CLANG_WARN_BOOL_CONVERSION = YES;
				CLANG_WARN_COMMA = YES;
				CLANG_WARN_CONSTANT_CONVERSION = YES;
				CLANG_WARN_DEPRECATED_OBJC_IMPLEMENTATIONS = YES;
				CLANG_WARN_DIRECT_OBJC_ISA_USAGE = YES_ERROR;
				CLANG_WARN_DOCUMENTATION_COMMENTS = YES;
				CLANG_WARN_EMPTY_BODY = YES;
				CLANG_WARN_ENUM_CONVERSION = YES;
				CLANG_WARN_INFINITE_RECURSION = YES;
				CLANG_WARN_INT_CONVERSION = YES;
				CLANG_WARN_NON_LITERAL_NULL_CONVERSION = YES;
				CLANG_WARN_OBJC_IMPLICIT_RETAIN_SELF = YES;
				CLANG_WARN_OBJC_LITERAL_CONVERSION = YES;
				CLANG_WARN_OBJC_ROOT_CLASS = YES_ERROR;
				CLANG_WARN_RANGE_LOOP_ANALYSIS = YES;
				CLANG_WARN_STRICT_PROTOTYPES = YES;
				CLANG_WARN_SUSPICIOUS_MOVE = YES;
				CLANG_WARN_UNREACHABLE_CODE = YES;
				CLANG_WARN__DUPLICATE_METHOD_MATCH = YES;
				"CODE_SIGN_IDENTITY[sdk=iphoneos*]" = "iPhone Developer";
				COPY_PHASE_STRIP = NO;
				DEBUG_INFORMATION_FORMAT = "dwarf-with-dsym";
				ENABLE_NS_ASSERTIONS = NO;
				ENABLE_STRICT_OBJC_MSGSEND = YES;
				GCC_C_LANGUAGE_STANDARD = gnu99;
				GCC_NO_COMMON_BLOCKS = YES;
				GCC_WARN_64_TO_32_BIT_CONVERSION = YES;
				GCC_WARN_ABOUT_RETURN_TYPE = YES_ERROR;
				GCC_WARN_UNDECLARED_SELECTOR = YES;
				GCC_WARN_UNINITIALIZED_AUTOS = YES_AGGRESSIVE;
				GCC_WARN_UNUSED_FUNCTION = YES;
				GCC_WARN_UNUSED_VARIABLE = YES;
				IPHONEOS_DEPLOYMENT_TARGET = 10.3;
				MTL_ENABLE_DEBUG_INFO = NO;
				SDKROOT = iphoneos;
				SWIFT_OPTIMIZATION_LEVEL = "-Owholemodule";
				TARGETED_DEVICE_FAMILY = "1,2";
				VALIDATE_PRODUCT = YES;
			};
			name = Release;
		};
		DE42481A1EEA3906001BFE21 /* Debug */ = {
			isa = XCBuildConfiguration;
			buildSettings = {
				ASSETCATALOG_COMPILER_APPICON_NAME = AppIcon;
				DEVELOPMENT_TEAM = J2LXK9FK3W;
				INFOPLIST_FILE = BLEListerSwift/Info.plist;
				LD_RUNPATH_SEARCH_PATHS = "$(inherited) @executable_path/Frameworks";
				PRODUCT_BUNDLE_IDENTIFIER = com.beepscore.BLEListerSwift;
				PRODUCT_NAME = "$(TARGET_NAME)";
				SWIFT_VERSION = 4.0;
			};
			name = Debug;
		};
		DE42481B1EEA3906001BFE21 /* Release */ = {
			isa = XCBuildConfiguration;
			buildSettings = {
				ASSETCATALOG_COMPILER_APPICON_NAME = AppIcon;
				DEVELOPMENT_TEAM = J2LXK9FK3W;
				INFOPLIST_FILE = BLEListerSwift/Info.plist;
				LD_RUNPATH_SEARCH_PATHS = "$(inherited) @executable_path/Frameworks";
				PRODUCT_BUNDLE_IDENTIFIER = com.beepscore.BLEListerSwift;
				PRODUCT_NAME = "$(TARGET_NAME)";
				SWIFT_VERSION = 4.0;
			};
			name = Release;
		};
		DE42481D1EEA3906001BFE21 /* Debug */ = {
			isa = XCBuildConfiguration;
			buildSettings = {
				ALWAYS_EMBED_SWIFT_STANDARD_LIBRARIES = YES;
				BUNDLE_LOADER = "$(TEST_HOST)";
				DEVELOPMENT_TEAM = J2LXK9FK3W;
				INFOPLIST_FILE = BLEListerSwiftTests/Info.plist;
				LD_RUNPATH_SEARCH_PATHS = "$(inherited) @executable_path/Frameworks @loader_path/Frameworks";
				PRODUCT_BUNDLE_IDENTIFIER = com.beepscore.BLEListerSwiftTests;
				PRODUCT_NAME = "$(TARGET_NAME)";
				SWIFT_VERSION = 4.0;
				TEST_HOST = "$(BUILT_PRODUCTS_DIR)/BLEListerSwift.app/BLEListerSwift";
			};
			name = Debug;
		};
		DE42481E1EEA3906001BFE21 /* Release */ = {
			isa = XCBuildConfiguration;
			buildSettings = {
				ALWAYS_EMBED_SWIFT_STANDARD_LIBRARIES = YES;
				BUNDLE_LOADER = "$(TEST_HOST)";
				DEVELOPMENT_TEAM = J2LXK9FK3W;
				INFOPLIST_FILE = BLEListerSwiftTests/Info.plist;
				LD_RUNPATH_SEARCH_PATHS = "$(inherited) @executable_path/Frameworks @loader_path/Frameworks";
				PRODUCT_BUNDLE_IDENTIFIER = com.beepscore.BLEListerSwiftTests;
				PRODUCT_NAME = "$(TARGET_NAME)";
				SWIFT_VERSION = 4.0;
				TEST_HOST = "$(BUILT_PRODUCTS_DIR)/BLEListerSwift.app/BLEListerSwift";
			};
			name = Release;
		};
/* End XCBuildConfiguration section */

/* Begin XCConfigurationList section */
		DE4247F51EEA3905001BFE21 /* Build configuration list for PBXProject "BLEListerSwift" */ = {
			isa = XCConfigurationList;
			buildConfigurations = (
				DE4248171EEA3906001BFE21 /* Debug */,
				DE4248181EEA3906001BFE21 /* Release */,
			);
			defaultConfigurationIsVisible = 0;
			defaultConfigurationName = Release;
		};
		DE4248191EEA3906001BFE21 /* Build configuration list for PBXNativeTarget "BLEListerSwift" */ = {
			isa = XCConfigurationList;
			buildConfigurations = (
				DE42481A1EEA3906001BFE21 /* Debug */,
				DE42481B1EEA3906001BFE21 /* Release */,
			);
			defaultConfigurationIsVisible = 0;
			defaultConfigurationName = Release;
		};
		DE42481C1EEA3906001BFE21 /* Build configuration list for PBXNativeTarget "BLEListerSwiftTests" */ = {
			isa = XCConfigurationList;
			buildConfigurations = (
				DE42481D1EEA3906001BFE21 /* Debug */,
				DE42481E1EEA3906001BFE21 /* Release */,
			);
			defaultConfigurationIsVisible = 0;
			defaultConfigurationName = Release;
		};
/* End XCConfigurationList section */
	};
	rootObject = DE4247F21EEA3905001BFE21 /* Project object */;
}
